# This file is automatically @generated by Cargo.
# It is not intended for manual editing.
version = 3

[[package]]
name = "ansi_term"
version = "0.7.2"
source = "registry+https://github.com/rust-lang/crates.io-index"
checksum = "1f46cd5b1d660c938e3f92dfe7a73d832b3281479363dd0cd9c1c2fbf60f7962"

[[package]]
name = "bitflags"
version = "0.3.3"
source = "registry+https://github.com/rust-lang/crates.io-index"
checksum = "32866f4d103c4e438b1db1158aa1b1a80ee078e5d77a59a2f906fd62a577389c"

[[package]]
name = "clap"
version = "1.5.5"
source = "registry+https://github.com/rust-lang/crates.io-index"
checksum = "a430ed980b54e5e6f5249d67abd1e9251e95a5491fafb33639e71c9608d23361"
dependencies = [
 "ansi_term",
 "bitflags",
 "strsim",
 "vec_map",
]

[[package]]
name = "core-foundation"
version = "0.2.0"
source = "registry+https://github.com/rust-lang/crates.io-index"
checksum = "86265e39387f38d0bc2ca087e3f1572df46e78227dbb01e41601651bc14e82a4"
dependencies = [
 "core-foundation-sys",
 "libc",
]

[[package]]
name = "core-foundation-sys"
version = "0.2.0"
source = "registry+https://github.com/rust-lang/crates.io-index"
checksum = "301526247f5b60336e7a8941309995fe0dd198ade4c181c6b1ab82ed7761555d"
dependencies = [
 "libc",
]

[[package]]
name = "fern"
version = "0.3.5"
source = "registry+https://github.com/rust-lang/crates.io-index"
checksum = "4d2f58d053ad7791bfaad58a3f3541fe2d2aecc564dd82aee7f92fa402c054b2"
dependencies = [
 "log",
]

[[package]]
name = "libc"
version = "0.2.8"
source = "registry+https://github.com/rust-lang/crates.io-index"
checksum = "52f45f4d4d75de96cf7f8b0e37b6a8e2f96619749b80bd79aa9f5a3100d63208"

[[package]]
name = "log"
version = "0.3.5"
source = "registry+https://github.com/rust-lang/crates.io-index"
checksum = "038b5d13189a14e5b6ac384fdb7c691a45ef0885f6d2dddbf422e6c3506b8234"
dependencies = [
 "libc",
]

[[package]]
name = "secure-transport-proxy"
version = "0.0.1"
dependencies = [
 "ansi_term",
 "clap",
 "fern",
 "log",
 "security-framework",
 "time",
]

[[package]]
name = "security-framework"
version = "0.1.3"
source = "registry+https://github.com/rust-lang/crates.io-index"
checksum = "db9adc60cec9a86b0deae33cd0f89023820bc86d77ebfb614888815bc4ed0873"
dependencies = [
 "core-foundation",
 "core-foundation-sys",
 "libc",
 "security-framework-sys",
]

[[package]]
name = "security-framework-sys"
version = "0.1.3"
source = "registry+https://github.com/rust-lang/crates.io-index"
checksum = "f582c1b362ab64020647f4dbbd4bb2feac581c77d07d8cd181408606385e3b4c"
dependencies = [
 "core-foundation-sys",
 "libc",
]

[[package]]
name = "strsim"
version = "0.4.0"
source = "registry+https://github.com/rust-lang/crates.io-index"
checksum = "b1d6a2200349ab2221a712c79e797cbb814086eea4ad5d12cc5cafab5f2089d9"

[[package]]
name = "time"
version = "0.2.0"
source = "registry+https://github.com/rust-lang/crates.io-index"
checksum = "fcc26de0a81a07c8352b548977862908fa9863e0e6e4f0eb36b2a9f4f8845585"

[[package]]
name = "vec_map"
version = "0.4.0"
source = "registry+https://github.com/rust-lang/crates.io-index"
checksum = "1805118a0d7c72d427e9d9c8134b549ec9e88942c707b100deef357ec0948f02"
